<?xml version="1.0" encoding="utf-8"?>
<Project ToolsVersion="4.0" xmlns="http://schemas.microsoft.com/developer/msbuild/2003">
  <ItemGroup>
    <ClInclude Include="include\timer.cuh">
      <Filter>include</Filter>
    </ClInclude>
    <ClInclude Include="include\h_ops\dev_hierarchical_index.cuh">
      <Filter>include\h_ops</Filter>
    </ClInclude>
    <ClInclude Include="include\h_ops\dev_hierarchical_ops.cuh">
      <Filter>include\h_ops</Filter>
    </ClInclude>
    <ClInclude Include="include\h_ops\dev_hierarchical_ops_dag.cuh">
      <Filter>include\h_ops</Filter>
    </ClInclude>
    <ClInclude Include="include\h_ops\dev_hierarchical_ops_tree.cuh">
      <Filter>include\h_ops</Filter>
    </ClInclude>
    <ClInclude Include="include\h_ops\dependency.cuh">
      <Filter>include\h_ops</Filter>
    </ClInclude>
    <ClInclude Include="include\instructions\instructions_manager.cuh">
      <Filter>include\instructions</Filter>
    </ClInclude>
    <ClInclude Include="include\instructions\instructions_scheduler.cuh">
      <Filter>include\instructions</Filter>
    </ClInclude>
    <ClInclude Include="include\launcher.cuh">
      <Filter>include</Filter>
    </ClInclude>
    <ClInclude Include="include\h_ops\dependency_checker.cuh">
      <Filter>include\h_ops</Filter>
    </ClInclude>
    <ClInclude Include="include\kernel_cublas.cuh">
      <Filter>include</Filter>
    </ClInclude>
    <ClInclude Include="include\matrix\Dense.cuh">
      <Filter>include\matrix</Filter>
    </ClInclude>
    <ClInclude Include="include\matrix\LowRank.cuh">
      <Filter>include\matrix</Filter>
    </ClInclude>
    <ClInclude Include="include\matrix\Element.cuh">
      <Filter>include\matrix</Filter>
    </ClInclude>
    <ClInclude Include="include\matrix\Hierarchical.cuh">
      <Filter>include\matrix</Filter>
    </ClInclude>
    <ClInclude Include="include\instructions\GETRF.cuh">
      <Filter>include\instructions</Filter>
    </ClInclude>
    <ClInclude Include="include\instructions\instructions.cuh">
      <Filter>include\instructions</Filter>
    </ClInclude>
    <ClInclude Include="include\matrix\Clusterbasis.cuh">
      <Filter>include\matrix</Filter>
    </ClInclude>
    <ClInclude Include="include\matrix\Compressor.cuh">
      <Filter>include\matrix</Filter>
    </ClInclude>
  </ItemGroup>
  <ItemGroup>
    <CudaCompile Include="main.cu" />
    <CudaCompile Include="src\matrix\Dense.cu">
      <Filter>src\matrix</Filter>
    </CudaCompile>
    <CudaCompile Include="src\matrix\LowRank.cu">
      <Filter>src\matrix</Filter>
    </CudaCompile>
    <CudaCompile Include="src\matrix\Element.cu">
      <Filter>src\matrix</Filter>
    </CudaCompile>
    <CudaCompile Include="src\matrix\Hierarchical.cu">
      <Filter>src\matrix</Filter>
    </CudaCompile>
    <CudaCompile Include="src\matrix\Clusterbasis.cu">
      <Filter>src\matrix</Filter>
    </CudaCompile>
    <CudaCompile Include="src\matrix\Compressor.cu">
      <Filter>src\matrix</Filter>
    </CudaCompile>
  </ItemGroup>
  <ItemGroup>
    <None Include="docs\README.md" />
    <None Include="Makefile" />
    <None Include="docs\CONTRIBUTING.md" />
    <None Include=".gitignore" />
  </ItemGroup>
  <ItemGroup>
    <Filter Include="include">
      <UniqueIdentifier>{f9ed9726-3565-44c2-adeb-00cc84637896}</UniqueIdentifier>
    </Filter>
    <Filter Include="src">
      <UniqueIdentifier>{afe66f1a-b884-438e-aeaf-2835a2782197}</UniqueIdentifier>
    </Filter>
    <Filter Include="src\h_ops">
      <UniqueIdentifier>{fd489147-421a-4cff-bbb8-d3c5255e0182}</UniqueIdentifier>
    </Filter>
    <Filter Include="src\matrix">
      <UniqueIdentifier>{0debd3ca-19d2-4b49-aaea-6f08b7351551}</UniqueIdentifier>
    </Filter>
    <Filter Include="include\matrix">
      <UniqueIdentifier>{a182f6ba-321c-4e1a-8055-d947405e48b6}</UniqueIdentifier>
    </Filter>
    <Filter Include="include\h_ops">
      <UniqueIdentifier>{e8227bbc-73f6-4059-a317-e185748257d0}</UniqueIdentifier>
    </Filter>
    <Filter Include="include\instructions">
      <UniqueIdentifier>{7419e027-8c49-4688-a256-15b33e918a93}</UniqueIdentifier>
    </Filter>
    <Filter Include="src\instructions">
      <UniqueIdentifier>{974d9ae7-42a7-4617-ac43-20e2475fe194}</UniqueIdentifier>
    </Filter>
  </ItemGroup>
</Project>