<?xml version="1.0" encoding="utf-8"?>
<Project ToolsVersion="4.0" xmlns="http://schemas.microsoft.com/developer/msbuild/2003">
  <ItemGroup>
    <ClInclude Include="include\dev_dense.cuh" />
    <ClInclude Include="include\dev_hierarchical.cuh" />
    <ClInclude Include="include\dev_low_rank.cuh" />
    <ClInclude Include="include\timer.cuh" />
    <ClInclude Include="include\pspl.cuh" />
    <ClInclude Include="include\dev_hierarchical_ops.cuh" />
    <ClInclude Include="include\dev_hierarchical_index.cuh" />
    <ClInclude Include="include\dev_hierarchical_element.cuh" />
    <ClInclude Include="include\dev_hierarchical_ops_dag.cuh" />
    <ClInclude Include="include\kernel.cuh" />
    <ClInclude Include="include\instructions_scheduler.cuh" />
    <ClInclude Include="include\instructions_manager.cuh" />
    <ClInclude Include="include\compressor.cuh" />
    <ClInclude Include="include\dev_temp.cuh" />
    <ClInclude Include="include\dev_hierarchical_ops_tree.cuh" />
  </ItemGroup>
  <ItemGroup>
    <CudaCompile Include="main.cu" />
    <CudaCompile Include="include\dev_hierarchical_index.cu" />
    <CudaCompile Include="include\dev_hierarchical_ops.cu" />
    <CudaCompile Include="include\dev_dense.cu" />
    <CudaCompile Include="include\dev_low_rank.cu" />
    <CudaCompile Include="include\dev_hierarchical.cu" />
    <CudaCompile Include="include\dev_hierarchical_element.cu" />
    <CudaCompile Include="include\dev_hierarchical_ops_tree.cu" />
    <CudaCompile Include="include\kernel.cu" />
  </ItemGroup>
  <ItemGroup>
    <None Include="docs\README.md" />
    <None Include="Makefile" />
    <None Include="docs\CONTRIBUTING.md" />
    <None Include=".gitignore" />
  </ItemGroup>
</Project>