
Microsoft Visual Studio Solution File, Format Version 12.00
# Visual Studio Version 16
VisualStudioVersion = 16.0.30330.147
MinimumVisualStudioVersion = 10.0.40219.1
Project("{8BC9CEB8-8B4A-11D0-8D11-00A0C91BC942}") = "Pastel-Palettes", "Pastel-Palettes.vcxproj", "{9370D3FB-1D50-482C-8F1B-96519AAD11AD}"
EndProject
Project("{8BC9CEB8-8B4A-11D0-8D11-00A0C91BC942}") = "H2Matrix", "H2Matrix\H2Matrix.vcxproj", "{B4710DBF-3683-438A-9B25-72C4E6A7D17B}"
EndProject
Global
	GlobalSection(SolutionConfigurationPlatforms) = preSolution
		Debug|x64 = Debug|x64
		Debug|x86 = Debug|x86
		Release|x64 = Release|x64
		Release|x86 = Release|x86
	EndGlobalSection
	GlobalSection(ProjectConfigurationPlatforms) = postSolution
		{9370D3FB-1D50-482C-8F1B-96519AAD11AD}.Debug|x64.ActiveCfg = Debug|x64
		{9370D3FB-1D50-482C-8F1B-96519AAD11AD}.Debug|x64.Build.0 = Debug|x64
		{9370D3FB-1D50-482C-8F1B-96519AAD11AD}.Debug|x86.ActiveCfg = Debug|x64
		{9370D3FB-1D50-482C-8F1B-96519AAD11AD}.Release|x64.ActiveCfg = Release|x64
		{9370D3FB-1D50-482C-8F1B-96519AAD11AD}.Release|x64.Build.0 = Release|x64
		{9370D3FB-1D50-482C-8F1B-96519AAD11AD}.Release|x86.ActiveCfg = Release|x64
		{B4710DBF-3683-438A-9B25-72C4E6A7D17B}.Debug|x64.ActiveCfg = Debug|x64
		{B4710DBF-3683-438A-9B25-72C4E6A7D17B}.Debug|x64.Build.0 = Debug|x64
		{B4710DBF-3683-438A-9B25-72C4E6A7D17B}.Debug|x86.ActiveCfg = Debug|Win32
		{B4710DBF-3683-438A-9B25-72C4E6A7D17B}.Debug|x86.Build.0 = Debug|Win32
		{B4710DBF-3683-438A-9B25-72C4E6A7D17B}.Release|x64.ActiveCfg = Release|x64
		{B4710DBF-3683-438A-9B25-72C4E6A7D17B}.Release|x64.Build.0 = Release|x64
		{B4710DBF-3683-438A-9B25-72C4E6A7D17B}.Release|x86.ActiveCfg = Release|Win32
		{B4710DBF-3683-438A-9B25-72C4E6A7D17B}.Release|x86.Build.0 = Release|Win32
	EndGlobalSection
	GlobalSection(SolutionProperties) = preSolution
		HideSolutionNode = FALSE
	EndGlobalSection
	GlobalSection(ExtensibilityGlobals) = postSolution
		SolutionGuid = {57D79EDF-57AF-4496-A18D-7D42DA9120A2}
	EndGlobalSection
EndGlobal
