<?xml version="1.0" encoding="utf-8"?>
<Project ToolsVersion="4.0" xmlns="http://schemas.microsoft.com/developer/msbuild/2003">
  <ItemGroup>
    <CudaCompile Include="src\dense.cpp">
      <Filter>src</Filter>
    </CudaCompile>
    <CudaCompile Include="main.cu" />
    <CudaCompile Include="src\dense_gpu.cu">
      <Filter>src</Filter>
    </CudaCompile>
  </ItemGroup>
  <ItemGroup>
    <Filter Include="include">
      <UniqueIdentifier>{5c7b3c3c-bcbc-4305-b81e-cc8940e21183}</UniqueIdentifier>
    </Filter>
    <Filter Include="src">
      <UniqueIdentifier>{47f65d80-5099-4def-9d5f-78c9d28e3a4f}</UniqueIdentifier>
    </Filter>
  </ItemGroup>
  <ItemGroup>
    <ClInclude Include="include\definitions.h">
      <Filter>include</Filter>
    </ClInclude>
    <ClInclude Include="include\dense.h">
      <Filter>include</Filter>
    </ClInclude>
  </ItemGroup>
</Project>